
Microsoft Visual Studio Solution File, Format Version 12.00
# Visual Studio Version 17
VisualStudioVersion = 17.10.34928.147
MinimumVisualStudioVersion = 10.0.40219.1
Project("{FAE04EC0-301F-11D3-BF4B-00C04F79EFBC}") = "Jobseekers", "Jobseekers.csproj", "{C331EA14-73FE-4FB6-A47C-F0C5D9FBDC53}"
EndProject
Global
	GlobalSection(SolutionConfigurationPlatforms) = preSolution
		Debug|Any CPU = Debug|Any CPU
		Release|Any CPU = Release|Any CPU
	EndGlobalSection
	GlobalSection(ProjectConfigurationPlatforms) = postSolution
		{C331EA14-73FE-4FB6-A47C-F0C5D9FBDC53}.Debug|Any CPU.ActiveCfg = Debug|Any CPU
		{C331EA14-73FE-4FB6-A47C-F0C5D9FBDC53}.Debug|Any CPU.Build.0 = Debug|Any CPU
		{C331EA14-73FE-4FB6-A47C-F0C5D9FBDC53}.Release|Any CPU.ActiveCfg = Release|Any CPU
		{C331EA14-73FE-4FB6-A47C-F0C5D9FBDC53}.Release|Any CPU.Build.0 = Release|Any CPU
	EndGlobalSection
	GlobalSection(SolutionProperties) = preSolution
		HideSolutionNode = FALSE
	EndGlobalSection
	GlobalSection(ExtensibilityGlobals) = postSolution
		SolutionGuid = {5FADFEEE-2EB3-44A4-9D04-39EEC8F2D960}
	EndGlobalSection
EndGlobal
